
Microsoft Visual Studio Solution File, Format Version 12.00
# Visual Studio 15
VisualStudioVersion = 15.0.27130.2010
MinimumVisualStudioVersion = 10.0.40219.1
Project("{FAE04EC0-301F-11D3-BF4B-00C04F79EFBC}") = "Forum_v2", "Forum_v2\Forum_v2.csproj", "{6BADA0CE-C37E-4C3B-9E80-DC64F584A47B}"
EndProject
Global
	GlobalSection(SolutionConfigurationPlatforms) = preSolution
		Debug|Any CPU = Debug|Any CPU
		Release|Any CPU = Release|Any CPU
	EndGlobalSection
	GlobalSection(ProjectConfigurationPlatforms) = postSolution
		{6BADA0CE-C37E-4C3B-9E80-DC64F584A47B}.Debug|Any CPU.ActiveCfg = Debug|Any CPU
		{6BADA0CE-C37E-4C3B-9E80-DC64F584A47B}.Debug|Any CPU.Build.0 = Debug|Any CPU
		{6BADA0CE-C37E-4C3B-9E80-DC64F584A47B}.Release|Any CPU.ActiveCfg = Release|Any CPU
		{6BADA0CE-C37E-4C3B-9E80-DC64F584A47B}.Release|Any CPU.Build.0 = Release|Any CPU
	EndGlobalSection
	GlobalSection(SolutionProperties) = preSolution
		HideSolutionNode = FALSE
	EndGlobalSection
	GlobalSection(ExtensibilityGlobals) = postSolution
		SolutionGuid = {87EF15E6-7772-4068-A6A1-73068C63C765}
	EndGlobalSection
EndGlobal
